
Microsoft Visual Studio Solution File, Format Version 12.00
# Visual Studio 15
VisualStudioVersion = 15.0.28307.1622
MinimumVisualStudioVersion = 10.0.40219.1
Project("{FAE04EC0-301F-11D3-BF4B-00C04F79EFBC}") = "day11_14Path类", "Path类\day11_14Path类.csproj", "{F30A8079-F513-4676-BCC7-67AA29CFB9FB}"
EndProject
Project("{FAE04EC0-301F-11D3-BF4B-00C04F79EFBC}") = "day11_15File类", "File类\day11_15File类.csproj", "{1CFE7BD0-0D80-49E0-A919-F69A5CADAC5A}"
EndProject
Project("{FAE04EC0-301F-11D3-BF4B-00C04F79EFBC}") = "day11_10键值对集合", "day11_10键值对集合\day11_10键值对集合.csproj", "{0677C491-EF9E-4D05-A2C2-86E4EEF9EED6}"
EndProject
Project("{FAE04EC0-301F-11D3-BF4B-00C04F79EFBC}") = "day11_13简繁转换", "day11_13简繁转换\day11_13简繁转换.csproj", "{1A22EB21-6E4B-47A4-B472-1E7A597C44F0}"
EndProject
Project("{FAE04EC0-301F-11D3-BF4B-00C04F79EFBC}") = "day12_02泛型集合", "day12_02泛型集合\day12_02泛型集合.csproj", "{BF170332-6612-4095-B847-46EF16A41174}"
EndProject
Project("{FAE04EC0-301F-11D3-BF4B-00C04F79EFBC}") = "day12_04Dictionary", "day12_04Dictionary\day12_04Dictionary.csproj", "{4FBC2090-F60A-45C0-ACBC-9CEA342FAE72}"
EndProject
Project("{FAE04EC0-301F-11D3-BF4B-00C04F79EFBC}") = "day12_05泛型练习", "day12_05泛型练习\day12_05泛型练习.csproj", "{4917C99D-CD63-44E7-BC03-1BBBB5C4B40A}"
EndProject
Project("{FAE04EC0-301F-11D3-BF4B-00C04F79EFBC}") = "day16_04线程执行带参数的方法", "day16_04线程执行带参数的方法\day16_04线程执行带参数的方法.csproj", "{DDB6CFE8-30A4-4E24-B0EC-308F7817CBF5}"
EndProject
Project("{FAE04EC0-301F-11D3-BF4B-00C04F79EFBC}") = "day16_05摇奖机应用程序", "day16_05摇奖机应用程序\day16_05摇奖机应用程序.csproj", "{B14DCA2F-8A88-4B1B-830F-563D75024860}"
EndProject
Project("{FAE04EC0-301F-11D3-BF4B-00C04F79EFBC}") = "day16_06Server", "day16_06Server\day16_06Server.csproj", "{1265DC52-77AD-4A68-AC74-35A05D6CB1EE}"
EndProject
Project("{FAE04EC0-301F-11D3-BF4B-00C04F79EFBC}") = "day16_07Client", "day16_07Client\day16_07Client.csproj", "{F2FB2F41-263C-4CB1-A94C-1EB8690C4690}"
EndProject
Project("{FAE04EC0-301F-11D3-BF4B-00C04F79EFBC}") = "day22_08委托概念", "day22_08委托概念\day22_08委托概念.csproj", "{83042436-0501-4B79-9855-E65A4033BCCB}"
EndProject
Project("{FAE04EC0-301F-11D3-BF4B-00C04F79EFBC}") = "day22_07为什么要使用委托", "day22_07为什么要使用委托\day22_07为什么要使用委托.csproj", "{163D956D-1F25-42AF-A980-E65210CF6E65}"
EndProject
Project("{FAE04EC0-301F-11D3-BF4B-00C04F79EFBC}") = "day22_09匿名函数", "day22_09匿名函数\day22_09匿名函数.csproj", "{DFE935F9-D6CF-407A-B809-D5F58183DF89}"
EndProject
Project("{FAE04EC0-301F-11D3-BF4B-00C04F79EFBC}") = "day22_15多播委托", "day22_15多播委托\day22_15多播委托.csproj", "{6A6AB977-D52C-4446-9B3C-8EC31E273A49}"
EndProject
Project("{FAE04EC0-301F-11D3-BF4B-00C04F79EFBC}") = "day22_14窗体传值", "day22_14窗体传值\day22_14窗体传值.csproj", "{F0F29FFA-67E4-41E6-A42B-9B841F103803}"
EndProject
Project("{FAE04EC0-301F-11D3-BF4B-00C04F79EFBC}") = "day22_12lamda表达式", "day22_12lamda表达式\day22_12lamda表达式.csproj", "{204638FE-D734-4A0D-AEFF-4711F7819057}"
EndProject
Project("{FAE04EC0-301F-11D3-BF4B-00C04F79EFBC}") = "day06_03枚举的练习", "day06_03枚举的练习\day06_03枚举的练习.csproj", "{B0BF95EC-0A49-42ED-9580-66295184AC5D}"
EndProject
Project("{FAE04EC0-301F-11D3-BF4B-00C04F79EFBC}") = "day06_04枚举类型与string以及int类型的转换", "day06_04枚举类型与string以及int类型的转换\day06_04枚举类型与string以及int类型的转换.csproj", "{B6564F68-36A4-48CC-8B55-6177038B5FFD}"
EndProject
Project("{FAE04EC0-301F-11D3-BF4B-00C04F79EFBC}") = "day05_11for循环的3个练习", "day05_11for循环的3个练习\day05_11for循环的3个练习.csproj", "{6A3DF043-3EBE-415C-BB73-55D805789810}"
EndProject
Project("{FAE04EC0-301F-11D3-BF4B-00C04F79EFBC}") = "day06_12return", "day06_12return\day06_12return.csproj", "{B6B1DC04-9CA7-4DAC-B7DE-26DE398A7D26}"
EndProject
Project("{FAE04EC0-301F-11D3-BF4B-00C04F79EFBC}") = "day06_11方法练习", "day06_11方法练习\day06_11方法练习.csproj", "{66357D37-05E7-42F6-8630-9A896D1FF999}"
EndProject
Project("{FAE04EC0-301F-11D3-BF4B-00C04F79EFBC}") = "day07_03判断闰年", "day07_03判断闰年\day07_03判断闰年.csproj", "{783F0F49-A251-4C7A-9A21-0355D86CD2F0}"
EndProject
Project("{FAE04EC0-301F-11D3-BF4B-00C04F79EFBC}") = "day07_05方法练习", "day07_05方法练习\day07_05方法练习.csproj", "{B530DF98-6195-4FCD-91A0-5EAE2FEF49F7}"
EndProject
Project("{FAE04EC0-301F-11D3-BF4B-00C04F79EFBC}") = "day07_06方法的3个练习", "day07_06方法的3个练习\day07_06方法的3个练习.csproj", "{B807E1FE-452F-45F3-902A-BC0ECC2E8A60}"
EndProject
Project("{FAE04EC0-301F-11D3-BF4B-00C04F79EFBC}") = "day07_07out参数", "day07_07out参数\day07_07out参数.csproj", "{B4C77D10-C8A5-4900-8B82-1E10D7696A43}"
EndProject
Project("{FAE04EC0-301F-11D3-BF4B-00C04F79EFBC}") = "day07_08使用out参数做登陆", "day07_08使用out参数做登陆\day07_08使用out参数做登陆.csproj", "{30D36EE3-FF58-4DDF-AE9F-1562B420289A}"
EndProject
Project("{FAE04EC0-301F-11D3-BF4B-00C04F79EFBC}") = "day07_09自己动手写tryparse", "day07_09自己动手写tryparse\day07_09自己动手写tryparse.csproj", "{C042E396-A163-42EB-971F-0EE62ECA86DD}"
EndProject
Project("{FAE04EC0-301F-11D3-BF4B-00C04F79EFBC}") = "day07_10ref参数", "day07_10ref参数\day07_10ref参数.csproj", "{D5C36860-3C36-43BB-83D2-0EE6059F84F5}"
EndProject
Project("{FAE04EC0-301F-11D3-BF4B-00C04F79EFBC}") = "day07_11ref练习", "day07_11ref练习\day07_11ref练习.csproj", "{564AF3EE-C4B0-4C4B-911B-652019675A3F}"
EndProject
Project("{FAE04EC0-301F-11D3-BF4B-00C04F79EFBC}") = "day07_12params可变参数", "day07_12params可变参数\day07_12params可变参数.csproj", "{5DB0458B-E4DB-4438-82A5-7DA3D51017F1}"
EndProject
Project("{FAE04EC0-301F-11D3-BF4B-00C04F79EFBC}") = "day07_13方法的重载", "day07_13方法的重载\day07_13方法的重载.csproj", "{D63C6BAB-3390-44DE-9E5D-6DDFF78D2D0F}"
EndProject
Project("{FAE04EC0-301F-11D3-BF4B-00C04F79EFBC}") = "day07_14方法的递归", "day07_14方法的递归\day07_14方法的递归.csproj", "{610873DC-5CFD-4B9F-AF6A-13870A2F669D}"
EndProject
Project("{FAE04EC0-301F-11D3-BF4B-00C04F79EFBC}") = "day07_15方法练习", "day07_15方法练习\day07_15方法练习.csproj", "{CCD8A927-8CDA-4F5B-B35E-B65A77C5760D}"
EndProject
Project("{FAE04EC0-301F-11D3-BF4B-00C04F79EFBC}") = "day08_01方法的练习", "day08_01方法的练习\day08_01方法的练习.csproj", "{ADE230E7-96AC-4303-AE03-401036ED176F}"
EndProject
Project("{FAE04EC0-301F-11D3-BF4B-00C04F79EFBC}") = "day08_02方法的练习", "day08_02方法的练习\day08_02方法的练习.csproj", "{9A146E57-606A-42CA-848D-CB4839BD3485}"
EndProject
Project("{FAE04EC0-301F-11D3-BF4B-00C04F79EFBC}") = "day08_03方法的练习", "day08_03方法的练习\day08_03方法的练习.csproj", "{AA9F5D74-392A-4536-B50A-02608A15BDC4}"
EndProject
Project("{FAE04EC0-301F-11D3-BF4B-00C04F79EFBC}") = "day09_01面向对象", "day09_01面向对象\day09_01面向对象.csproj", "{5F207F3B-3B59-4B10-8AD5-DEEF4D0BEF61}"
EndProject
Project("{FAE04EC0-301F-11D3-BF4B-00C04F79EFBC}") = "day09_04面向对象练习", "day09_04面向对象练习\day09_04面向对象练习.csproj", "{1B7C042C-D081-40EC-B13A-82244C44C58C}"
EndProject
Project("{FAE04EC0-301F-11D3-BF4B-00C04F79EFBC}") = "day09_05练习", "day09_05练习\day09_05练习.csproj", "{D7F1D305-237C-4C15-B003-9A4B65BC3723}"
EndProject
Project("{FAE04EC0-301F-11D3-BF4B-00C04F79EFBC}") = "day10_02命名空间", "day10_02命名空间\day10_02命名空间.csproj", "{C9AAE6FB-61AC-48C4-B256-1A842916F861}"
EndProject
Project("{FAE04EC0-301F-11D3-BF4B-00C04F79EFBC}") = "day10_04字符串", "day10_04字符串\day10_04字符串.csproj", "{B8A8032D-AC25-463D-A595-080E35FDA292}"
EndProject
Project("{FAE04EC0-301F-11D3-BF4B-00C04F79EFBC}") = "day10_06字符串的各种方法", "day10_06字符串的各种方法\day10_06字符串的各种方法.csproj", "{D9280EAD-8C71-4D4E-ABC7-1CF264148913}"
EndProject
Project("{FAE04EC0-301F-11D3-BF4B-00C04F79EFBC}") = "day10_07字符串的练习", "day10_07字符串的练习\day10_07字符串的练习.csproj", "{684B3B1B-31E1-4F1F-8B49-5C10F662AA43}"
EndProject
Project("{FAE04EC0-301F-11D3-BF4B-00C04F79EFBC}") = "day10_08继承", "day10_08继承\day10_08继承.csproj", "{44FFEE4D-BB1D-456F-A554-8E4E2CF7DC7E}"
EndProject
Project("{FAE04EC0-301F-11D3-BF4B-00C04F79EFBC}") = "day10_09继承练习", "day10_09继承练习\day10_09继承练习.csproj", "{084A2762-E001-4F07-AFF1-DCE0B8E941D8}"
EndProject
Project("{FAE04EC0-301F-11D3-BF4B-00C04F79EFBC}") = "day10_10关键字new", "day10_10关键字new\day10_10关键字new.csproj", "{EA483524-2A83-427F-980C-E83809ADDF29}"
EndProject
Project("{FAE04EC0-301F-11D3-BF4B-00C04F79EFBC}") = "day11_02里氏转换", "day11_02里氏转换\day11_02里氏转换.csproj", "{156C8D3E-5032-4BE3-BC81-F67A88046A4D}"
EndProject
Project("{FAE04EC0-301F-11D3-BF4B-00C04F79EFBC}") = "day11_03里氏转换练习", "day11_03里氏转换练习\day11_03里氏转换练习.csproj", "{335F5653-B3AC-4E1F-B90B-354DE9AB9883}"
EndProject
Project("{FAE04EC0-301F-11D3-BF4B-00C04F79EFBC}") = "day11_04protected访问修饰符", "day11_04protected访问修饰符\day11_04protected访问修饰符.csproj", "{535BC925-C15B-459B-96C8-8A8DED3C07E8}"
EndProject
Project("{FAE04EC0-301F-11D3-BF4B-00C04F79EFBC}") = "day12_09多态", "day12_09多态\day12_09多态.csproj", "{3E2D0859-DCC9-4200-B376-5911694AF8D4}"
EndProject
Project("{FAE04EC0-301F-11D3-BF4B-00C04F79EFBC}") = "day12_10多态练习", "day12_10多态练习\day12_10多态练习.csproj", "{5E8FF226-84B4-474A-AB0E-37319E22BCCA}"
EndProject
Project("{FAE04EC0-301F-11D3-BF4B-00C04F79EFBC}") = "day12_11抽象类", "day12_11抽象类\day12_11抽象类.csproj", "{86E43CD8-A05B-47F6-B98E-D1B7027B9B52}"
EndProject
Project("{FAE04EC0-301F-11D3-BF4B-00C04F79EFBC}") = "day12_12抽象类练习", "day12_12抽象类练习\day12_12抽象类练习.csproj", "{49EB0863-DFBA-422F-B49C-0EAC7CE584D2}"
EndProject
Project("{FAE04EC0-301F-11D3-BF4B-00C04F79EFBC}") = "day12_13电脑、优盘、移动硬盘、MP3", "day12_13电脑、优盘、移动硬盘、MP3\day12_13电脑、优盘、移动硬盘、MP3.csproj", "{94562BEC-28CA-47CA-AE83-D5DD3CA1664F}"
EndProject
Project("{FAE04EC0-301F-11D3-BF4B-00C04F79EFBC}") = "day13_02访问修饰符", "day13_02访问修饰符\day13_02访问修饰符.csproj", "{E8902D39-B05E-4629-96F1-C62E02DEAEA6}"
EndProject
Project("{FAE04EC0-301F-11D3-BF4B-00C04F79EFBC}") = "day13_18Test()", "day13_18Test()\day13_18Test().csproj", "{0B9BF147-C0B4-4590-B70E-3BA593FC44FC}"
EndProject
Project("{FAE04EC0-301F-11D3-BF4B-00C04F79EFBC}") = "day13_03简单工厂设计模式", "day13_03简单工厂设计模式\day13_03简单工厂设计模式.csproj", "{BB1692F6-CE87-41CF-A09B-B4B02ABF7236}"
EndProject
Project("{FAE04EC0-301F-11D3-BF4B-00C04F79EFBC}") = "day13_04值类型和引用类型", "day13_04值类型和引用类型\day13_04值类型和引用类型.csproj", "{63B1C59A-8599-427B-B327-BC7402421961}"
EndProject
Project("{FAE04EC0-301F-11D3-BF4B-00C04F79EFBC}") = "day13_05序列化与反序列化", "day13_05序列化与反序列化\day13_05序列化与反序列化.csproj", "{9A3C1D85-5C0D-4DD0-80DC-6E8AF8430B1B}"
EndProject
Project("{FAE04EC0-301F-11D3-BF4B-00C04F79EFBC}") = "day13_06部分类", "day13_06部分类\day13_06部分类.csproj", "{CE5DADA9-9227-4084-80C4-A92FA4B038C2}"
EndProject
Project("{FAE04EC0-301F-11D3-BF4B-00C04F79EFBC}") = "day13_07密封类", "day13_07密封类\day13_07密封类.csproj", "{52EBCB13-67CB-4E5D-9541-2479422CC31B}"
EndProject
Project("{FAE04EC0-301F-11D3-BF4B-00C04F79EFBC}") = "day13_08重写ToString()方法", "day13_08重写ToString()方法\day13_08重写ToString()方法.csproj", "{0AECF052-C847-499C-9BB1-EE08F2787893}"
EndProject
Project("{FAE04EC0-301F-11D3-BF4B-00C04F79EFBC}") = "day13_09接口", "day13_09接口\day13_09接口.csproj", "{140E50DE-9AFE-4F9C-BC46-59ECF9B16754}"
EndProject
Project("{FAE04EC0-301F-11D3-BF4B-00C04F79EFBC}") = "day13_10接口的语法特征", "day13_10接口的语法特征\day13_10接口的语法特征.csproj", "{24557221-F9DF-41A4-801F-6CB5EB256E1D}"
EndProject
Project("{FAE04EC0-301F-11D3-BF4B-00C04F79EFBC}") = "day13_11自动属性和普通属性", "day13_11自动属性和普通属性\day13_11自动属性和普通属性.csproj", "{9AE97C17-33D4-49D9-A84B-D4B1B3322C02}"
EndProject
Project("{FAE04EC0-301F-11D3-BF4B-00C04F79EFBC}") = "day13_12接口特点", "day13_12接口特点\day13_12接口特点.csproj", "{4366BFE5-7713-42F5-A326-926824AB1E3E}"
EndProject
Project("{FAE04EC0-301F-11D3-BF4B-00C04F79EFBC}") = "day13_13接口练习", "day13_13接口练习\day13_13接口练习.csproj", "{60F12D94-CE7D-48ED-85CF-0C68CC86EC56}"
EndProject
Project("{FAE04EC0-301F-11D3-BF4B-00C04F79EFBC}") = "day13_14显示实现接口", "day13_14显示实现接口\day13_14显示实现接口.csproj", "{FE542A68-FD1B-462D-AEAD-7E73D99A57EA}"
EndProject
Project("{FAE04EC0-301F-11D3-BF4B-00C04F79EFBC}") = "day13_15总结", "day13_15总结\day13_15总结.csproj", "{0DF82CDF-379D-466E-B3E0-9B28B7EA684F}"
EndProject
Project("{FAE04EC0-301F-11D3-BF4B-00C04F79EFBC}") = "day13_16超市收银系统", "day13_16超市收银系统\day13_16超市收银系统.csproj", "{78CCF1BE-9B0A-4148-9DA0-4245FB1713C9}"
EndProject
Project("{FAE04EC0-301F-11D3-BF4B-00C04F79EFBC}") = "day13_17GUID", "day13_17GUID\day13_17GUID.csproj", "{90662F3D-E562-44AC-8FF3-B67EED8E9164}"
EndProject
Project("{FAE04EC0-301F-11D3-BF4B-00C04F79EFBC}") = "day14_01MD5加密", "day14_01MD5加密\day14_01MD5加密.csproj", "{5CC6E279-DB6F-4C80-A668-E62AFB13C762}"
EndProject
Project("{FAE04EC0-301F-11D3-BF4B-00C04F79EFBC}") = "day14_02DoYouLoveMe", "day14_02DoYouLoveMe\day14_02DoYouLoveMe.csproj", "{2D145FBC-FA41-4ABF-B298-4929F53969DE}"
EndProject
Project("{FAE04EC0-301F-11D3-BF4B-00C04F79EFBC}") = "day14_03TextBox和Label", "day14_03TextBox和Label\day14_03TextBox和Label.csproj", "{8DD85ECC-410C-45C3-9574-FC67EDA764B9}"
EndProject
Project("{FAE04EC0-301F-11D3-BF4B-00C04F79EFBC}") = "day14_04Timer", "day14_04Timer\day14_04Timer.csproj", "{3374B1BF-1A07-40AD-8912-3A7DA7FB9278}"
EndProject
Project("{FAE04EC0-301F-11D3-BF4B-00C04F79EFBC}") = "day14_05简单记事本应用程序", "day14_05简单记事本应用程序\day14_05简单记事本应用程序.csproj", "{94E6DAE3-7FD9-4221-8F2D-CDE6654AD695}"
EndProject
Project("{FAE04EC0-301F-11D3-BF4B-00C04F79EFBC}") = "day14_06单选和多选", "day14_06单选和多选\day14_06单选和多选.csproj", "{B84C406C-0CE3-466C-91C2-9EB2478A1174}"
EndProject
Project("{FAE04EC0-301F-11D3-BF4B-00C04F79EFBC}") = "day14_07老师或者学生登陆", "day14_07老师或者学生登陆\day14_07老师或者学生登陆.csproj", "{699D67D5-9B5C-45F5-9F93-CF9B63BFE188}"
EndProject
Project("{FAE04EC0-301F-11D3-BF4B-00C04F79EFBC}") = "day14_08MDI窗体设计", "day14_08MDI窗体设计\day14_08MDI窗体设计.csproj", "{9D0EB795-BA63-450B-BFF5-DE3E3CB34508}"
EndProject
Project("{FAE04EC0-301F-11D3-BF4B-00C04F79EFBC}") = "day14_09PictureBox", "day14_09PictureBox\day14_09PictureBox.csproj", "{F60B8AA4-647F-49AC-8A4A-D64F81347C9C}"
EndProject
Project("{FAE04EC0-301F-11D3-BF4B-00C04F79EFBC}") = "day14_10实现照片的上一张下一张翻页效果", "day14_10实现照片的上一张下一张翻页效果\day14_10实现照片的上一张下一张翻页效果.csproj", "{B920F2B1-F5AB-431F-8715-22D40058C99E}"
EndProject
Project("{FAE04EC0-301F-11D3-BF4B-00C04F79EFBC}") = "day14_11PictureBox和Timer的练习", "day14_11PictureBox和Timer的练习\day14_11PictureBox和Timer的练习.csproj", "{BCD9EB59-FCBA-427B-A743-878979C07657}"
EndProject
Project("{FAE04EC0-301F-11D3-BF4B-00C04F79EFBC}") = "day15_02Directory类", "day15_02Directory类\day15_02Directory类.csproj", "{6C89EA64-94F0-4C8B-AF97-705B06EA7CEF}"
EndProject
Project("{FAE04EC0-301F-11D3-BF4B-00C04F79EFBC}") = "day15_03浏览器控件", "day15_03浏览器控件\day15_03浏览器控件.csproj", "{8B2307BD-4D08-45A6-BEA1-342646B377FD}"
EndProject
Project("{FAE04EC0-301F-11D3-BF4B-00C04F79EFBC}") = "day15_04ComboBox", "day15_04ComboBox\day15_04ComboBox.csproj", "{EDE99194-D616-4FA3-B601-C859246544E0}"
EndProject
Project("{FAE04EC0-301F-11D3-BF4B-00C04F79EFBC}") = "day15_05日期选择器", "day15_05日期选择器\day15_05日期选择器.csproj", "{690B8330-7873-4A41-BE95-F8747485762E}"
EndProject
Project("{FAE04EC0-301F-11D3-BF4B-00C04F79EFBC}") = "day15_06ListBox控件", "day15_06ListBox控件\day15_06ListBox控件.csproj", "{7B47B098-E601-4430-9503-98B1B5211457}"
EndProject
Project("{FAE04EC0-301F-11D3-BF4B-00C04F79EFBC}") = "day15_07实现点击更换照片", "day15_07实现点击更换照片\day15_07实现点击更换照片.csproj", "{5D23C999-8104-4D31-A054-F1DB402C0182}"
EndProject
Project("{FAE04EC0-301F-11D3-BF4B-00C04F79EFBC}") = "day15_08双击播放音乐", "day15_08双击播放音乐\day15_08双击播放音乐.csproj", "{9D6F8AAF-84A7-4374-8FBF-5BDC35B38DFE}"
EndProject
Project("{FAE04EC0-301F-11D3-BF4B-00C04F79EFBC}") = "day15_09石头剪刀布", "day15_09石头剪刀布\day15_09石头剪刀布.csproj", "{D9E9F617-A899-481A-9A4D-99CB2E4271F1}"
EndProject
Project("{FAE04EC0-301F-11D3-BF4B-00C04F79EFBC}") = "day15_10打开对话框", "day15_10打开对话框\day15_10打开对话框.csproj", "{BD871424-8EC6-4887-ABB2-E9D2B43395D3}"
EndProject
Project("{FAE04EC0-301F-11D3-BF4B-00C04F79EFBC}") = "day15_11保存文件对话框", "day15_11保存文件对话框\day15_11保存文件对话框.csproj", "{E8E39323-BF16-4477-88B3-8B9EE74C0834}"
EndProject
Project("{FAE04EC0-301F-11D3-BF4B-00C04F79EFBC}") = "day15_12字体和颜色对话框", "day15_12字体和颜色对话框\day15_12字体和颜色对话框.csproj", "{BE42DB3E-272D-42F0-A400-A14535036786}"
EndProject
Project("{FAE04EC0-301F-11D3-BF4B-00C04F79EFBC}") = "day15_13panel", "day15_13panel\day15_13panel.csproj", "{321BEDD6-27FB-4401-84BF-99A7F4CC97A8}"
EndProject
Project("{FAE04EC0-301F-11D3-BF4B-00C04F79EFBC}") = "day15_14记事本应用程序2", "day15_14记事本应用程序2\day15_14记事本应用程序2.csproj", "{166A1D03-7475-4F15-98EA-5885CCF03B96}"
EndProject
Project("{FAE04EC0-301F-11D3-BF4B-00C04F79EFBC}") = "day15_15进程", "day15_15进程\day15_15进程.csproj", "{D17B1EFC-8C3C-4D6C-AD49-8969653ABB11}"
EndProject
Project("{FAE04EC0-301F-11D3-BF4B-00C04F79EFBC}") = "day15_16线程", "day15_16线程\day15_16线程.csproj", "{B8D2D3BE-2407-4ABA-BC7E-8FB649107018}"
EndProject
Project("{FAE04EC0-301F-11D3-BF4B-00C04F79EFBC}") = "day15_17线程", "day15_17线程\day15_17线程.csproj", "{E580C557-D63B-4DCB-B58B-FE22036C4E02}"
EndProject
Project("{FAE04EC0-301F-11D3-BF4B-00C04F79EFBC}") = "day16_01复习(播放音乐)", "day16_01复习(播放音乐)\day16_01复习(播放音乐).csproj", "{E61B11C8-81C7-49E2-BCFC-5D20E4355C40}"
EndProject
Global
	GlobalSection(SolutionConfigurationPlatforms) = preSolution
		Debug|Any CPU = Debug|Any CPU
		Release|Any CPU = Release|Any CPU
	EndGlobalSection
	GlobalSection(ProjectConfigurationPlatforms) = postSolution
		{F30A8079-F513-4676-BCC7-67AA29CFB9FB}.Debug|Any CPU.ActiveCfg = Debug|Any CPU
		{F30A8079-F513-4676-BCC7-67AA29CFB9FB}.Debug|Any CPU.Build.0 = Debug|Any CPU
		{F30A8079-F513-4676-BCC7-67AA29CFB9FB}.Release|Any CPU.ActiveCfg = Release|Any CPU
		{F30A8079-F513-4676-BCC7-67AA29CFB9FB}.Release|Any CPU.Build.0 = Release|Any CPU
		{1CFE7BD0-0D80-49E0-A919-F69A5CADAC5A}.Debug|Any CPU.ActiveCfg = Debug|Any CPU
		{1CFE7BD0-0D80-49E0-A919-F69A5CADAC5A}.Debug|Any CPU.Build.0 = Debug|Any CPU
		{1CFE7BD0-0D80-49E0-A919-F69A5CADAC5A}.Release|Any CPU.ActiveCfg = Release|Any CPU
		{1CFE7BD0-0D80-49E0-A919-F69A5CADAC5A}.Release|Any CPU.Build.0 = Release|Any CPU
		{0677C491-EF9E-4D05-A2C2-86E4EEF9EED6}.Debug|Any CPU.ActiveCfg = Debug|Any CPU
		{0677C491-EF9E-4D05-A2C2-86E4EEF9EED6}.Debug|Any CPU.Build.0 = Debug|Any CPU
		{0677C491-EF9E-4D05-A2C2-86E4EEF9EED6}.Release|Any CPU.ActiveCfg = Release|Any CPU
		{0677C491-EF9E-4D05-A2C2-86E4EEF9EED6}.Release|Any CPU.Build.0 = Release|Any CPU
		{1A22EB21-6E4B-47A4-B472-1E7A597C44F0}.Debug|Any CPU.ActiveCfg = Debug|Any CPU
		{1A22EB21-6E4B-47A4-B472-1E7A597C44F0}.Debug|Any CPU.Build.0 = Debug|Any CPU
		{1A22EB21-6E4B-47A4-B472-1E7A597C44F0}.Release|Any CPU.ActiveCfg = Release|Any CPU
		{1A22EB21-6E4B-47A4-B472-1E7A597C44F0}.Release|Any CPU.Build.0 = Release|Any CPU
		{BF170332-6612-4095-B847-46EF16A41174}.Debug|Any CPU.ActiveCfg = Debug|Any CPU
		{BF170332-6612-4095-B847-46EF16A41174}.Debug|Any CPU.Build.0 = Debug|Any CPU
		{BF170332-6612-4095-B847-46EF16A41174}.Release|Any CPU.ActiveCfg = Release|Any CPU
		{BF170332-6612-4095-B847-46EF16A41174}.Release|Any CPU.Build.0 = Release|Any CPU
		{4FBC2090-F60A-45C0-ACBC-9CEA342FAE72}.Debug|Any CPU.ActiveCfg = Debug|Any CPU
		{4FBC2090-F60A-45C0-ACBC-9CEA342FAE72}.Debug|Any CPU.Build.0 = Debug|Any CPU
		{4FBC2090-F60A-45C0-ACBC-9CEA342FAE72}.Release|Any CPU.ActiveCfg = Release|Any CPU
		{4FBC2090-F60A-45C0-ACBC-9CEA342FAE72}.Release|Any CPU.Build.0 = Release|Any CPU
		{4917C99D-CD63-44E7-BC03-1BBBB5C4B40A}.Debug|Any CPU.ActiveCfg = Debug|Any CPU
		{4917C99D-CD63-44E7-BC03-1BBBB5C4B40A}.Debug|Any CPU.Build.0 = Debug|Any CPU
		{4917C99D-CD63-44E7-BC03-1BBBB5C4B40A}.Release|Any CPU.ActiveCfg = Release|Any CPU
		{4917C99D-CD63-44E7-BC03-1BBBB5C4B40A}.Release|Any CPU.Build.0 = Release|Any CPU
		{DDB6CFE8-30A4-4E24-B0EC-308F7817CBF5}.Debug|Any CPU.ActiveCfg = Debug|Any CPU
		{DDB6CFE8-30A4-4E24-B0EC-308F7817CBF5}.Debug|Any CPU.Build.0 = Debug|Any CPU
		{DDB6CFE8-30A4-4E24-B0EC-308F7817CBF5}.Release|Any CPU.ActiveCfg = Release|Any CPU
		{DDB6CFE8-30A4-4E24-B0EC-308F7817CBF5}.Release|Any CPU.Build.0 = Release|Any CPU
		{B14DCA2F-8A88-4B1B-830F-563D75024860}.Debug|Any CPU.ActiveCfg = Debug|Any CPU
		{B14DCA2F-8A88-4B1B-830F-563D75024860}.Debug|Any CPU.Build.0 = Debug|Any CPU
		{B14DCA2F-8A88-4B1B-830F-563D75024860}.Release|Any CPU.ActiveCfg = Release|Any CPU
		{B14DCA2F-8A88-4B1B-830F-563D75024860}.Release|Any CPU.Build.0 = Release|Any CPU
		{1265DC52-77AD-4A68-AC74-35A05D6CB1EE}.Debug|Any CPU.ActiveCfg = Debug|Any CPU
		{1265DC52-77AD-4A68-AC74-35A05D6CB1EE}.Debug|Any CPU.Build.0 = Debug|Any CPU
		{1265DC52-77AD-4A68-AC74-35A05D6CB1EE}.Release|Any CPU.ActiveCfg = Release|Any CPU
		{1265DC52-77AD-4A68-AC74-35A05D6CB1EE}.Release|Any CPU.Build.0 = Release|Any CPU
		{F2FB2F41-263C-4CB1-A94C-1EB8690C4690}.Debug|Any CPU.ActiveCfg = Debug|Any CPU
		{F2FB2F41-263C-4CB1-A94C-1EB8690C4690}.Debug|Any CPU.Build.0 = Debug|Any CPU
		{F2FB2F41-263C-4CB1-A94C-1EB8690C4690}.Release|Any CPU.ActiveCfg = Release|Any CPU
		{F2FB2F41-263C-4CB1-A94C-1EB8690C4690}.Release|Any CPU.Build.0 = Release|Any CPU
		{83042436-0501-4B79-9855-E65A4033BCCB}.Debug|Any CPU.ActiveCfg = Debug|Any CPU
		{83042436-0501-4B79-9855-E65A4033BCCB}.Debug|Any CPU.Build.0 = Debug|Any CPU
		{83042436-0501-4B79-9855-E65A4033BCCB}.Release|Any CPU.ActiveCfg = Release|Any CPU
		{83042436-0501-4B79-9855-E65A4033BCCB}.Release|Any CPU.Build.0 = Release|Any CPU
		{163D956D-1F25-42AF-A980-E65210CF6E65}.Debug|Any CPU.ActiveCfg = Debug|Any CPU
		{163D956D-1F25-42AF-A980-E65210CF6E65}.Debug|Any CPU.Build.0 = Debug|Any CPU
		{163D956D-1F25-42AF-A980-E65210CF6E65}.Release|Any CPU.ActiveCfg = Release|Any CPU
		{163D956D-1F25-42AF-A980-E65210CF6E65}.Release|Any CPU.Build.0 = Release|Any CPU
		{DFE935F9-D6CF-407A-B809-D5F58183DF89}.Debug|Any CPU.ActiveCfg = Debug|Any CPU
		{DFE935F9-D6CF-407A-B809-D5F58183DF89}.Debug|Any CPU.Build.0 = Debug|Any CPU
		{DFE935F9-D6CF-407A-B809-D5F58183DF89}.Release|Any CPU.ActiveCfg = Release|Any CPU
		{DFE935F9-D6CF-407A-B809-D5F58183DF89}.Release|Any CPU.Build.0 = Release|Any CPU
		{6A6AB977-D52C-4446-9B3C-8EC31E273A49}.Debug|Any CPU.ActiveCfg = Debug|Any CPU
		{6A6AB977-D52C-4446-9B3C-8EC31E273A49}.Debug|Any CPU.Build.0 = Debug|Any CPU
		{6A6AB977-D52C-4446-9B3C-8EC31E273A49}.Release|Any CPU.ActiveCfg = Release|Any CPU
		{6A6AB977-D52C-4446-9B3C-8EC31E273A49}.Release|Any CPU.Build.0 = Release|Any CPU
		{F0F29FFA-67E4-41E6-A42B-9B841F103803}.Debug|Any CPU.ActiveCfg = Debug|Any CPU
		{F0F29FFA-67E4-41E6-A42B-9B841F103803}.Debug|Any CPU.Build.0 = Debug|Any CPU
		{F0F29FFA-67E4-41E6-A42B-9B841F103803}.Release|Any CPU.ActiveCfg = Release|Any CPU
		{F0F29FFA-67E4-41E6-A42B-9B841F103803}.Release|Any CPU.Build.0 = Release|Any CPU
		{204638FE-D734-4A0D-AEFF-4711F7819057}.Debug|Any CPU.ActiveCfg = Debug|Any CPU
		{204638FE-D734-4A0D-AEFF-4711F7819057}.Debug|Any CPU.Build.0 = Debug|Any CPU
		{204638FE-D734-4A0D-AEFF-4711F7819057}.Release|Any CPU.ActiveCfg = Release|Any CPU
		{204638FE-D734-4A0D-AEFF-4711F7819057}.Release|Any CPU.Build.0 = Release|Any CPU
		{B0BF95EC-0A49-42ED-9580-66295184AC5D}.Debug|Any CPU.ActiveCfg = Debug|Any CPU
		{B0BF95EC-0A49-42ED-9580-66295184AC5D}.Debug|Any CPU.Build.0 = Debug|Any CPU
		{B0BF95EC-0A49-42ED-9580-66295184AC5D}.Release|Any CPU.ActiveCfg = Release|Any CPU
		{B0BF95EC-0A49-42ED-9580-66295184AC5D}.Release|Any CPU.Build.0 = Release|Any CPU
		{B6564F68-36A4-48CC-8B55-6177038B5FFD}.Debug|Any CPU.ActiveCfg = Debug|Any CPU
		{B6564F68-36A4-48CC-8B55-6177038B5FFD}.Debug|Any CPU.Build.0 = Debug|Any CPU
		{B6564F68-36A4-48CC-8B55-6177038B5FFD}.Release|Any CPU.ActiveCfg = Release|Any CPU
		{B6564F68-36A4-48CC-8B55-6177038B5FFD}.Release|Any CPU.Build.0 = Release|Any CPU
		{6A3DF043-3EBE-415C-BB73-55D805789810}.Debug|Any CPU.ActiveCfg = Debug|Any CPU
		{6A3DF043-3EBE-415C-BB73-55D805789810}.Debug|Any CPU.Build.0 = Debug|Any CPU
		{6A3DF043-3EBE-415C-BB73-55D805789810}.Release|Any CPU.ActiveCfg = Release|Any CPU
		{6A3DF043-3EBE-415C-BB73-55D805789810}.Release|Any CPU.Build.0 = Release|Any CPU
		{B6B1DC04-9CA7-4DAC-B7DE-26DE398A7D26}.Debug|Any CPU.ActiveCfg = Debug|Any CPU
		{B6B1DC04-9CA7-4DAC-B7DE-26DE398A7D26}.Debug|Any CPU.Build.0 = Debug|Any CPU
		{B6B1DC04-9CA7-4DAC-B7DE-26DE398A7D26}.Release|Any CPU.ActiveCfg = Release|Any CPU
		{B6B1DC04-9CA7-4DAC-B7DE-26DE398A7D26}.Release|Any CPU.Build.0 = Release|Any CPU
		{66357D37-05E7-42F6-8630-9A896D1FF999}.Debug|Any CPU.ActiveCfg = Debug|Any CPU
		{66357D37-05E7-42F6-8630-9A896D1FF999}.Debug|Any CPU.Build.0 = Debug|Any CPU
		{66357D37-05E7-42F6-8630-9A896D1FF999}.Release|Any CPU.ActiveCfg = Release|Any CPU
		{66357D37-05E7-42F6-8630-9A896D1FF999}.Release|Any CPU.Build.0 = Release|Any CPU
		{783F0F49-A251-4C7A-9A21-0355D86CD2F0}.Debug|Any CPU.ActiveCfg = Debug|Any CPU
		{783F0F49-A251-4C7A-9A21-0355D86CD2F0}.Debug|Any CPU.Build.0 = Debug|Any CPU
		{783F0F49-A251-4C7A-9A21-0355D86CD2F0}.Release|Any CPU.ActiveCfg = Release|Any CPU
		{783F0F49-A251-4C7A-9A21-0355D86CD2F0}.Release|Any CPU.Build.0 = Release|Any CPU
		{B530DF98-6195-4FCD-91A0-5EAE2FEF49F7}.Debug|Any CPU.ActiveCfg = Debug|Any CPU
		{B530DF98-6195-4FCD-91A0-5EAE2FEF49F7}.Debug|Any CPU.Build.0 = Debug|Any CPU
		{B530DF98-6195-4FCD-91A0-5EAE2FEF49F7}.Release|Any CPU.ActiveCfg = Release|Any CPU
		{B530DF98-6195-4FCD-91A0-5EAE2FEF49F7}.Release|Any CPU.Build.0 = Release|Any CPU
		{B807E1FE-452F-45F3-902A-BC0ECC2E8A60}.Debug|Any CPU.ActiveCfg = Debug|Any CPU
		{B807E1FE-452F-45F3-902A-BC0ECC2E8A60}.Debug|Any CPU.Build.0 = Debug|Any CPU
		{B807E1FE-452F-45F3-902A-BC0ECC2E8A60}.Release|Any CPU.ActiveCfg = Release|Any CPU
		{B807E1FE-452F-45F3-902A-BC0ECC2E8A60}.Release|Any CPU.Build.0 = Release|Any CPU
		{B4C77D10-C8A5-4900-8B82-1E10D7696A43}.Debug|Any CPU.ActiveCfg = Debug|Any CPU
		{B4C77D10-C8A5-4900-8B82-1E10D7696A43}.Debug|Any CPU.Build.0 = Debug|Any CPU
		{B4C77D10-C8A5-4900-8B82-1E10D7696A43}.Release|Any CPU.ActiveCfg = Release|Any CPU
		{B4C77D10-C8A5-4900-8B82-1E10D7696A43}.Release|Any CPU.Build.0 = Release|Any CPU
		{30D36EE3-FF58-4DDF-AE9F-1562B420289A}.Debug|Any CPU.ActiveCfg = Debug|Any CPU
		{30D36EE3-FF58-4DDF-AE9F-1562B420289A}.Debug|Any CPU.Build.0 = Debug|Any CPU
		{30D36EE3-FF58-4DDF-AE9F-1562B420289A}.Release|Any CPU.ActiveCfg = Release|Any CPU
		{30D36EE3-FF58-4DDF-AE9F-1562B420289A}.Release|Any CPU.Build.0 = Release|Any CPU
		{C042E396-A163-42EB-971F-0EE62ECA86DD}.Debug|Any CPU.ActiveCfg = Debug|Any CPU
		{C042E396-A163-42EB-971F-0EE62ECA86DD}.Debug|Any CPU.Build.0 = Debug|Any CPU
		{C042E396-A163-42EB-971F-0EE62ECA86DD}.Release|Any CPU.ActiveCfg = Release|Any CPU
		{C042E396-A163-42EB-971F-0EE62ECA86DD}.Release|Any CPU.Build.0 = Release|Any CPU
		{D5C36860-3C36-43BB-83D2-0EE6059F84F5}.Debug|Any CPU.ActiveCfg = Debug|Any CPU
		{D5C36860-3C36-43BB-83D2-0EE6059F84F5}.Debug|Any CPU.Build.0 = Debug|Any CPU
		{D5C36860-3C36-43BB-83D2-0EE6059F84F5}.Release|Any CPU.ActiveCfg = Release|Any CPU
		{D5C36860-3C36-43BB-83D2-0EE6059F84F5}.Release|Any CPU.Build.0 = Release|Any CPU
		{564AF3EE-C4B0-4C4B-911B-652019675A3F}.Debug|Any CPU.ActiveCfg = Debug|Any CPU
		{564AF3EE-C4B0-4C4B-911B-652019675A3F}.Debug|Any CPU.Build.0 = Debug|Any CPU
		{564AF3EE-C4B0-4C4B-911B-652019675A3F}.Release|Any CPU.ActiveCfg = Release|Any CPU
		{564AF3EE-C4B0-4C4B-911B-652019675A3F}.Release|Any CPU.Build.0 = Release|Any CPU
		{5DB0458B-E4DB-4438-82A5-7DA3D51017F1}.Debug|Any CPU.ActiveCfg = Debug|Any CPU
		{5DB0458B-E4DB-4438-82A5-7DA3D51017F1}.Debug|Any CPU.Build.0 = Debug|Any CPU
		{5DB0458B-E4DB-4438-82A5-7DA3D51017F1}.Release|Any CPU.ActiveCfg = Release|Any CPU
		{5DB0458B-E4DB-4438-82A5-7DA3D51017F1}.Release|Any CPU.Build.0 = Release|Any CPU
		{D63C6BAB-3390-44DE-9E5D-6DDFF78D2D0F}.Debug|Any CPU.ActiveCfg = Debug|Any CPU
		{D63C6BAB-3390-44DE-9E5D-6DDFF78D2D0F}.Debug|Any CPU.Build.0 = Debug|Any CPU
		{D63C6BAB-3390-44DE-9E5D-6DDFF78D2D0F}.Release|Any CPU.ActiveCfg = Release|Any CPU
		{D63C6BAB-3390-44DE-9E5D-6DDFF78D2D0F}.Release|Any CPU.Build.0 = Release|Any CPU
		{610873DC-5CFD-4B9F-AF6A-13870A2F669D}.Debug|Any CPU.ActiveCfg = Debug|Any CPU
		{610873DC-5CFD-4B9F-AF6A-13870A2F669D}.Debug|Any CPU.Build.0 = Debug|Any CPU
		{610873DC-5CFD-4B9F-AF6A-13870A2F669D}.Release|Any CPU.ActiveCfg = Release|Any CPU
		{610873DC-5CFD-4B9F-AF6A-13870A2F669D}.Release|Any CPU.Build.0 = Release|Any CPU
		{CCD8A927-8CDA-4F5B-B35E-B65A77C5760D}.Debug|Any CPU.ActiveCfg = Debug|Any CPU
		{CCD8A927-8CDA-4F5B-B35E-B65A77C5760D}.Debug|Any CPU.Build.0 = Debug|Any CPU
		{CCD8A927-8CDA-4F5B-B35E-B65A77C5760D}.Release|Any CPU.ActiveCfg = Release|Any CPU
		{CCD8A927-8CDA-4F5B-B35E-B65A77C5760D}.Release|Any CPU.Build.0 = Release|Any CPU
		{ADE230E7-96AC-4303-AE03-401036ED176F}.Debug|Any CPU.ActiveCfg = Debug|Any CPU
		{ADE230E7-96AC-4303-AE03-401036ED176F}.Debug|Any CPU.Build.0 = Debug|Any CPU
		{ADE230E7-96AC-4303-AE03-401036ED176F}.Release|Any CPU.ActiveCfg = Release|Any CPU
		{ADE230E7-96AC-4303-AE03-401036ED176F}.Release|Any CPU.Build.0 = Release|Any CPU
		{9A146E57-606A-42CA-848D-CB4839BD3485}.Debug|Any CPU.ActiveCfg = Debug|Any CPU
		{9A146E57-606A-42CA-848D-CB4839BD3485}.Debug|Any CPU.Build.0 = Debug|Any CPU
		{9A146E57-606A-42CA-848D-CB4839BD3485}.Release|Any CPU.ActiveCfg = Release|Any CPU
		{9A146E57-606A-42CA-848D-CB4839BD3485}.Release|Any CPU.Build.0 = Release|Any CPU
		{AA9F5D74-392A-4536-B50A-02608A15BDC4}.Debug|Any CPU.ActiveCfg = Debug|Any CPU
		{AA9F5D74-392A-4536-B50A-02608A15BDC4}.Debug|Any CPU.Build.0 = Debug|Any CPU
		{AA9F5D74-392A-4536-B50A-02608A15BDC4}.Release|Any CPU.ActiveCfg = Release|Any CPU
		{AA9F5D74-392A-4536-B50A-02608A15BDC4}.Release|Any CPU.Build.0 = Release|Any CPU
		{5F207F3B-3B59-4B10-8AD5-DEEF4D0BEF61}.Debug|Any CPU.ActiveCfg = Debug|Any CPU
		{5F207F3B-3B59-4B10-8AD5-DEEF4D0BEF61}.Debug|Any CPU.Build.0 = Debug|Any CPU
		{5F207F3B-3B59-4B10-8AD5-DEEF4D0BEF61}.Release|Any CPU.ActiveCfg = Release|Any CPU
		{5F207F3B-3B59-4B10-8AD5-DEEF4D0BEF61}.Release|Any CPU.Build.0 = Release|Any CPU
		{1B7C042C-D081-40EC-B13A-82244C44C58C}.Debug|Any CPU.ActiveCfg = Debug|Any CPU
		{1B7C042C-D081-40EC-B13A-82244C44C58C}.Debug|Any CPU.Build.0 = Debug|Any CPU
		{1B7C042C-D081-40EC-B13A-82244C44C58C}.Release|Any CPU.ActiveCfg = Release|Any CPU
		{1B7C042C-D081-40EC-B13A-82244C44C58C}.Release|Any CPU.Build.0 = Release|Any CPU
		{D7F1D305-237C-4C15-B003-9A4B65BC3723}.Debug|Any CPU.ActiveCfg = Debug|Any CPU
		{D7F1D305-237C-4C15-B003-9A4B65BC3723}.Debug|Any CPU.Build.0 = Debug|Any CPU
		{D7F1D305-237C-4C15-B003-9A4B65BC3723}.Release|Any CPU.ActiveCfg = Release|Any CPU
		{D7F1D305-237C-4C15-B003-9A4B65BC3723}.Release|Any CPU.Build.0 = Release|Any CPU
		{C9AAE6FB-61AC-48C4-B256-1A842916F861}.Debug|Any CPU.ActiveCfg = Debug|Any CPU
		{C9AAE6FB-61AC-48C4-B256-1A842916F861}.Debug|Any CPU.Build.0 = Debug|Any CPU
		{C9AAE6FB-61AC-48C4-B256-1A842916F861}.Release|Any CPU.ActiveCfg = Release|Any CPU
		{C9AAE6FB-61AC-48C4-B256-1A842916F861}.Release|Any CPU.Build.0 = Release|Any CPU
		{B8A8032D-AC25-463D-A595-080E35FDA292}.Debug|Any CPU.ActiveCfg = Debug|Any CPU
		{B8A8032D-AC25-463D-A595-080E35FDA292}.Debug|Any CPU.Build.0 = Debug|Any CPU
		{B8A8032D-AC25-463D-A595-080E35FDA292}.Release|Any CPU.ActiveCfg = Release|Any CPU
		{B8A8032D-AC25-463D-A595-080E35FDA292}.Release|Any CPU.Build.0 = Release|Any CPU
		{D9280EAD-8C71-4D4E-ABC7-1CF264148913}.Debug|Any CPU.ActiveCfg = Debug|Any CPU
		{D9280EAD-8C71-4D4E-ABC7-1CF264148913}.Debug|Any CPU.Build.0 = Debug|Any CPU
		{D9280EAD-8C71-4D4E-ABC7-1CF264148913}.Release|Any CPU.ActiveCfg = Release|Any CPU
		{D9280EAD-8C71-4D4E-ABC7-1CF264148913}.Release|Any CPU.Build.0 = Release|Any CPU
		{684B3B1B-31E1-4F1F-8B49-5C10F662AA43}.Debug|Any CPU.ActiveCfg = Debug|Any CPU
		{684B3B1B-31E1-4F1F-8B49-5C10F662AA43}.Debug|Any CPU.Build.0 = Debug|Any CPU
		{684B3B1B-31E1-4F1F-8B49-5C10F662AA43}.Release|Any CPU.ActiveCfg = Release|Any CPU
		{684B3B1B-31E1-4F1F-8B49-5C10F662AA43}.Release|Any CPU.Build.0 = Release|Any CPU
		{44FFEE4D-BB1D-456F-A554-8E4E2CF7DC7E}.Debug|Any CPU.ActiveCfg = Debug|Any CPU
		{44FFEE4D-BB1D-456F-A554-8E4E2CF7DC7E}.Debug|Any CPU.Build.0 = Debug|Any CPU
		{44FFEE4D-BB1D-456F-A554-8E4E2CF7DC7E}.Release|Any CPU.ActiveCfg = Release|Any CPU
		{44FFEE4D-BB1D-456F-A554-8E4E2CF7DC7E}.Release|Any CPU.Build.0 = Release|Any CPU
		{084A2762-E001-4F07-AFF1-DCE0B8E941D8}.Debug|Any CPU.ActiveCfg = Debug|Any CPU
		{084A2762-E001-4F07-AFF1-DCE0B8E941D8}.Debug|Any CPU.Build.0 = Debug|Any CPU
		{084A2762-E001-4F07-AFF1-DCE0B8E941D8}.Release|Any CPU.ActiveCfg = Release|Any CPU
		{084A2762-E001-4F07-AFF1-DCE0B8E941D8}.Release|Any CPU.Build.0 = Release|Any CPU
		{EA483524-2A83-427F-980C-E83809ADDF29}.Debug|Any CPU.ActiveCfg = Debug|Any CPU
		{EA483524-2A83-427F-980C-E83809ADDF29}.Debug|Any CPU.Build.0 = Debug|Any CPU
		{EA483524-2A83-427F-980C-E83809ADDF29}.Release|Any CPU.ActiveCfg = Release|Any CPU
		{EA483524-2A83-427F-980C-E83809ADDF29}.Release|Any CPU.Build.0 = Release|Any CPU
		{156C8D3E-5032-4BE3-BC81-F67A88046A4D}.Debug|Any CPU.ActiveCfg = Debug|Any CPU
		{156C8D3E-5032-4BE3-BC81-F67A88046A4D}.Debug|Any CPU.Build.0 = Debug|Any CPU
		{156C8D3E-5032-4BE3-BC81-F67A88046A4D}.Release|Any CPU.ActiveCfg = Release|Any CPU
		{156C8D3E-5032-4BE3-BC81-F67A88046A4D}.Release|Any CPU.Build.0 = Release|Any CPU
		{335F5653-B3AC-4E1F-B90B-354DE9AB9883}.Debug|Any CPU.ActiveCfg = Debug|Any CPU
		{335F5653-B3AC-4E1F-B90B-354DE9AB9883}.Debug|Any CPU.Build.0 = Debug|Any CPU
		{335F5653-B3AC-4E1F-B90B-354DE9AB9883}.Release|Any CPU.ActiveCfg = Release|Any CPU
		{335F5653-B3AC-4E1F-B90B-354DE9AB9883}.Release|Any CPU.Build.0 = Release|Any CPU
		{535BC925-C15B-459B-96C8-8A8DED3C07E8}.Debug|Any CPU.ActiveCfg = Debug|Any CPU
		{535BC925-C15B-459B-96C8-8A8DED3C07E8}.Debug|Any CPU.Build.0 = Debug|Any CPU
		{535BC925-C15B-459B-96C8-8A8DED3C07E8}.Release|Any CPU.ActiveCfg = Release|Any CPU
		{535BC925-C15B-459B-96C8-8A8DED3C07E8}.Release|Any CPU.Build.0 = Release|Any CPU
		{3E2D0859-DCC9-4200-B376-5911694AF8D4}.Debug|Any CPU.ActiveCfg = Debug|Any CPU
		{3E2D0859-DCC9-4200-B376-5911694AF8D4}.Debug|Any CPU.Build.0 = Debug|Any CPU
		{3E2D0859-DCC9-4200-B376-5911694AF8D4}.Release|Any CPU.ActiveCfg = Release|Any CPU
		{3E2D0859-DCC9-4200-B376-5911694AF8D4}.Release|Any CPU.Build.0 = Release|Any CPU
		{5E8FF226-84B4-474A-AB0E-37319E22BCCA}.Debug|Any CPU.ActiveCfg = Debug|Any CPU
		{5E8FF226-84B4-474A-AB0E-37319E22BCCA}.Debug|Any CPU.Build.0 = Debug|Any CPU
		{5E8FF226-84B4-474A-AB0E-37319E22BCCA}.Release|Any CPU.ActiveCfg = Release|Any CPU
		{5E8FF226-84B4-474A-AB0E-37319E22BCCA}.Release|Any CPU.Build.0 = Release|Any CPU
		{86E43CD8-A05B-47F6-B98E-D1B7027B9B52}.Debug|Any CPU.ActiveCfg = Debug|Any CPU
		{86E43CD8-A05B-47F6-B98E-D1B7027B9B52}.Debug|Any CPU.Build.0 = Debug|Any CPU
		{86E43CD8-A05B-47F6-B98E-D1B7027B9B52}.Release|Any CPU.ActiveCfg = Release|Any CPU
		{86E43CD8-A05B-47F6-B98E-D1B7027B9B52}.Release|Any CPU.Build.0 = Release|Any CPU
		{49EB0863-DFBA-422F-B49C-0EAC7CE584D2}.Debug|Any CPU.ActiveCfg = Debug|Any CPU
		{49EB0863-DFBA-422F-B49C-0EAC7CE584D2}.Debug|Any CPU.Build.0 = Debug|Any CPU
		{49EB0863-DFBA-422F-B49C-0EAC7CE584D2}.Release|Any CPU.ActiveCfg = Release|Any CPU
		{49EB0863-DFBA-422F-B49C-0EAC7CE584D2}.Release|Any CPU.Build.0 = Release|Any CPU
		{94562BEC-28CA-47CA-AE83-D5DD3CA1664F}.Debug|Any CPU.ActiveCfg = Debug|Any CPU
		{94562BEC-28CA-47CA-AE83-D5DD3CA1664F}.Debug|Any CPU.Build.0 = Debug|Any CPU
		{94562BEC-28CA-47CA-AE83-D5DD3CA1664F}.Release|Any CPU.ActiveCfg = Release|Any CPU
		{94562BEC-28CA-47CA-AE83-D5DD3CA1664F}.Release|Any CPU.Build.0 = Release|Any CPU
		{E8902D39-B05E-4629-96F1-C62E02DEAEA6}.Debug|Any CPU.ActiveCfg = Debug|Any CPU
		{E8902D39-B05E-4629-96F1-C62E02DEAEA6}.Debug|Any CPU.Build.0 = Debug|Any CPU
		{E8902D39-B05E-4629-96F1-C62E02DEAEA6}.Release|Any CPU.ActiveCfg = Release|Any CPU
		{E8902D39-B05E-4629-96F1-C62E02DEAEA6}.Release|Any CPU.Build.0 = Release|Any CPU
		{0B9BF147-C0B4-4590-B70E-3BA593FC44FC}.Debug|Any CPU.ActiveCfg = Debug|Any CPU
		{0B9BF147-C0B4-4590-B70E-3BA593FC44FC}.Debug|Any CPU.Build.0 = Debug|Any CPU
		{0B9BF147-C0B4-4590-B70E-3BA593FC44FC}.Release|Any CPU.ActiveCfg = Release|Any CPU
		{0B9BF147-C0B4-4590-B70E-3BA593FC44FC}.Release|Any CPU.Build.0 = Release|Any CPU
		{BB1692F6-CE87-41CF-A09B-B4B02ABF7236}.Debug|Any CPU.ActiveCfg = Debug|Any CPU
		{BB1692F6-CE87-41CF-A09B-B4B02ABF7236}.Debug|Any CPU.Build.0 = Debug|Any CPU
		{BB1692F6-CE87-41CF-A09B-B4B02ABF7236}.Release|Any CPU.ActiveCfg = Release|Any CPU
		{BB1692F6-CE87-41CF-A09B-B4B02ABF7236}.Release|Any CPU.Build.0 = Release|Any CPU
		{63B1C59A-8599-427B-B327-BC7402421961}.Debug|Any CPU.ActiveCfg = Debug|Any CPU
		{63B1C59A-8599-427B-B327-BC7402421961}.Debug|Any CPU.Build.0 = Debug|Any CPU
		{63B1C59A-8599-427B-B327-BC7402421961}.Release|Any CPU.ActiveCfg = Release|Any CPU
		{63B1C59A-8599-427B-B327-BC7402421961}.Release|Any CPU.Build.0 = Release|Any CPU
		{9A3C1D85-5C0D-4DD0-80DC-6E8AF8430B1B}.Debug|Any CPU.ActiveCfg = Debug|Any CPU
		{9A3C1D85-5C0D-4DD0-80DC-6E8AF8430B1B}.Debug|Any CPU.Build.0 = Debug|Any CPU
		{9A3C1D85-5C0D-4DD0-80DC-6E8AF8430B1B}.Release|Any CPU.ActiveCfg = Release|Any CPU
		{9A3C1D85-5C0D-4DD0-80DC-6E8AF8430B1B}.Release|Any CPU.Build.0 = Release|Any CPU
		{CE5DADA9-9227-4084-80C4-A92FA4B038C2}.Debug|Any CPU.ActiveCfg = Debug|Any CPU
		{CE5DADA9-9227-4084-80C4-A92FA4B038C2}.Debug|Any CPU.Build.0 = Debug|Any CPU
		{CE5DADA9-9227-4084-80C4-A92FA4B038C2}.Release|Any CPU.ActiveCfg = Release|Any CPU
		{CE5DADA9-9227-4084-80C4-A92FA4B038C2}.Release|Any CPU.Build.0 = Release|Any CPU
		{52EBCB13-67CB-4E5D-9541-2479422CC31B}.Debug|Any CPU.ActiveCfg = Debug|Any CPU
		{52EBCB13-67CB-4E5D-9541-2479422CC31B}.Debug|Any CPU.Build.0 = Debug|Any CPU
		{52EBCB13-67CB-4E5D-9541-2479422CC31B}.Release|Any CPU.ActiveCfg = Release|Any CPU
		{52EBCB13-67CB-4E5D-9541-2479422CC31B}.Release|Any CPU.Build.0 = Release|Any CPU
		{0AECF052-C847-499C-9BB1-EE08F2787893}.Debug|Any CPU.ActiveCfg = Debug|Any CPU
		{0AECF052-C847-499C-9BB1-EE08F2787893}.Debug|Any CPU.Build.0 = Debug|Any CPU
		{0AECF052-C847-499C-9BB1-EE08F2787893}.Release|Any CPU.ActiveCfg = Release|Any CPU
		{0AECF052-C847-499C-9BB1-EE08F2787893}.Release|Any CPU.Build.0 = Release|Any CPU
		{140E50DE-9AFE-4F9C-BC46-59ECF9B16754}.Debug|Any CPU.ActiveCfg = Debug|Any CPU
		{140E50DE-9AFE-4F9C-BC46-59ECF9B16754}.Debug|Any CPU.Build.0 = Debug|Any CPU
		{140E50DE-9AFE-4F9C-BC46-59ECF9B16754}.Release|Any CPU.ActiveCfg = Release|Any CPU
		{140E50DE-9AFE-4F9C-BC46-59ECF9B16754}.Release|Any CPU.Build.0 = Release|Any CPU
		{24557221-F9DF-41A4-801F-6CB5EB256E1D}.Debug|Any CPU.ActiveCfg = Debug|Any CPU
		{24557221-F9DF-41A4-801F-6CB5EB256E1D}.Debug|Any CPU.Build.0 = Debug|Any CPU
		{24557221-F9DF-41A4-801F-6CB5EB256E1D}.Release|Any CPU.ActiveCfg = Release|Any CPU
		{24557221-F9DF-41A4-801F-6CB5EB256E1D}.Release|Any CPU.Build.0 = Release|Any CPU
		{9AE97C17-33D4-49D9-A84B-D4B1B3322C02}.Debug|Any CPU.ActiveCfg = Debug|Any CPU
		{9AE97C17-33D4-49D9-A84B-D4B1B3322C02}.Debug|Any CPU.Build.0 = Debug|Any CPU
		{9AE97C17-33D4-49D9-A84B-D4B1B3322C02}.Release|Any CPU.ActiveCfg = Release|Any CPU
		{9AE97C17-33D4-49D9-A84B-D4B1B3322C02}.Release|Any CPU.Build.0 = Release|Any CPU
		{4366BFE5-7713-42F5-A326-926824AB1E3E}.Debug|Any CPU.ActiveCfg = Debug|Any CPU
		{4366BFE5-7713-42F5-A326-926824AB1E3E}.Debug|Any CPU.Build.0 = Debug|Any CPU
		{4366BFE5-7713-42F5-A326-926824AB1E3E}.Release|Any CPU.ActiveCfg = Release|Any CPU
		{4366BFE5-7713-42F5-A326-926824AB1E3E}.Release|Any CPU.Build.0 = Release|Any CPU
		{60F12D94-CE7D-48ED-85CF-0C68CC86EC56}.Debug|Any CPU.ActiveCfg = Debug|Any CPU
		{60F12D94-CE7D-48ED-85CF-0C68CC86EC56}.Debug|Any CPU.Build.0 = Debug|Any CPU
		{60F12D94-CE7D-48ED-85CF-0C68CC86EC56}.Release|Any CPU.ActiveCfg = Release|Any CPU
		{60F12D94-CE7D-48ED-85CF-0C68CC86EC56}.Release|Any CPU.Build.0 = Release|Any CPU
		{FE542A68-FD1B-462D-AEAD-7E73D99A57EA}.Debug|Any CPU.ActiveCfg = Debug|Any CPU
		{FE542A68-FD1B-462D-AEAD-7E73D99A57EA}.Debug|Any CPU.Build.0 = Debug|Any CPU
		{FE542A68-FD1B-462D-AEAD-7E73D99A57EA}.Release|Any CPU.ActiveCfg = Release|Any CPU
		{FE542A68-FD1B-462D-AEAD-7E73D99A57EA}.Release|Any CPU.Build.0 = Release|Any CPU
		{0DF82CDF-379D-466E-B3E0-9B28B7EA684F}.Debug|Any CPU.ActiveCfg = Debug|Any CPU
		{0DF82CDF-379D-466E-B3E0-9B28B7EA684F}.Debug|Any CPU.Build.0 = Debug|Any CPU
		{0DF82CDF-379D-466E-B3E0-9B28B7EA684F}.Release|Any CPU.ActiveCfg = Release|Any CPU
		{0DF82CDF-379D-466E-B3E0-9B28B7EA684F}.Release|Any CPU.Build.0 = Release|Any CPU
		{78CCF1BE-9B0A-4148-9DA0-4245FB1713C9}.Debug|Any CPU.ActiveCfg = Debug|Any CPU
		{78CCF1BE-9B0A-4148-9DA0-4245FB1713C9}.Debug|Any CPU.Build.0 = Debug|Any CPU
		{78CCF1BE-9B0A-4148-9DA0-4245FB1713C9}.Release|Any CPU.ActiveCfg = Release|Any CPU
		{78CCF1BE-9B0A-4148-9DA0-4245FB1713C9}.Release|Any CPU.Build.0 = Release|Any CPU
		{90662F3D-E562-44AC-8FF3-B67EED8E9164}.Debug|Any CPU.ActiveCfg = Debug|Any CPU
		{90662F3D-E562-44AC-8FF3-B67EED8E9164}.Debug|Any CPU.Build.0 = Debug|Any CPU
		{90662F3D-E562-44AC-8FF3-B67EED8E9164}.Release|Any CPU.ActiveCfg = Release|Any CPU
		{90662F3D-E562-44AC-8FF3-B67EED8E9164}.Release|Any CPU.Build.0 = Release|Any CPU
		{5CC6E279-DB6F-4C80-A668-E62AFB13C762}.Debug|Any CPU.ActiveCfg = Debug|Any CPU
		{5CC6E279-DB6F-4C80-A668-E62AFB13C762}.Debug|Any CPU.Build.0 = Debug|Any CPU
		{5CC6E279-DB6F-4C80-A668-E62AFB13C762}.Release|Any CPU.ActiveCfg = Release|Any CPU
		{5CC6E279-DB6F-4C80-A668-E62AFB13C762}.Release|Any CPU.Build.0 = Release|Any CPU
		{2D145FBC-FA41-4ABF-B298-4929F53969DE}.Debug|Any CPU.ActiveCfg = Debug|Any CPU
		{2D145FBC-FA41-4ABF-B298-4929F53969DE}.Debug|Any CPU.Build.0 = Debug|Any CPU
		{2D145FBC-FA41-4ABF-B298-4929F53969DE}.Release|Any CPU.ActiveCfg = Release|Any CPU
		{2D145FBC-FA41-4ABF-B298-4929F53969DE}.Release|Any CPU.Build.0 = Release|Any CPU
		{8DD85ECC-410C-45C3-9574-FC67EDA764B9}.Debug|Any CPU.ActiveCfg = Debug|Any CPU
		{8DD85ECC-410C-45C3-9574-FC67EDA764B9}.Debug|Any CPU.Build.0 = Debug|Any CPU
		{8DD85ECC-410C-45C3-9574-FC67EDA764B9}.Release|Any CPU.ActiveCfg = Release|Any CPU
		{8DD85ECC-410C-45C3-9574-FC67EDA764B9}.Release|Any CPU.Build.0 = Release|Any CPU
		{3374B1BF-1A07-40AD-8912-3A7DA7FB9278}.Debug|Any CPU.ActiveCfg = Debug|Any CPU
		{3374B1BF-1A07-40AD-8912-3A7DA7FB9278}.Debug|Any CPU.Build.0 = Debug|Any CPU
		{3374B1BF-1A07-40AD-8912-3A7DA7FB9278}.Release|Any CPU.ActiveCfg = Release|Any CPU
		{3374B1BF-1A07-40AD-8912-3A7DA7FB9278}.Release|Any CPU.Build.0 = Release|Any CPU
		{94E6DAE3-7FD9-4221-8F2D-CDE6654AD695}.Debug|Any CPU.ActiveCfg = Debug|Any CPU
		{94E6DAE3-7FD9-4221-8F2D-CDE6654AD695}.Debug|Any CPU.Build.0 = Debug|Any CPU
		{94E6DAE3-7FD9-4221-8F2D-CDE6654AD695}.Release|Any CPU.ActiveCfg = Release|Any CPU
		{94E6DAE3-7FD9-4221-8F2D-CDE6654AD695}.Release|Any CPU.Build.0 = Release|Any CPU
		{B84C406C-0CE3-466C-91C2-9EB2478A1174}.Debug|Any CPU.ActiveCfg = Debug|Any CPU
		{B84C406C-0CE3-466C-91C2-9EB2478A1174}.Debug|Any CPU.Build.0 = Debug|Any CPU
		{B84C406C-0CE3-466C-91C2-9EB2478A1174}.Release|Any CPU.ActiveCfg = Release|Any CPU
		{B84C406C-0CE3-466C-91C2-9EB2478A1174}.Release|Any CPU.Build.0 = Release|Any CPU
		{699D67D5-9B5C-45F5-9F93-CF9B63BFE188}.Debug|Any CPU.ActiveCfg = Debug|Any CPU
		{699D67D5-9B5C-45F5-9F93-CF9B63BFE188}.Debug|Any CPU.Build.0 = Debug|Any CPU
		{699D67D5-9B5C-45F5-9F93-CF9B63BFE188}.Release|Any CPU.ActiveCfg = Release|Any CPU
		{699D67D5-9B5C-45F5-9F93-CF9B63BFE188}.Release|Any CPU.Build.0 = Release|Any CPU
		{9D0EB795-BA63-450B-BFF5-DE3E3CB34508}.Debug|Any CPU.ActiveCfg = Debug|Any CPU
		{9D0EB795-BA63-450B-BFF5-DE3E3CB34508}.Debug|Any CPU.Build.0 = Debug|Any CPU
		{9D0EB795-BA63-450B-BFF5-DE3E3CB34508}.Release|Any CPU.ActiveCfg = Release|Any CPU
		{9D0EB795-BA63-450B-BFF5-DE3E3CB34508}.Release|Any CPU.Build.0 = Release|Any CPU
		{F60B8AA4-647F-49AC-8A4A-D64F81347C9C}.Debug|Any CPU.ActiveCfg = Debug|Any CPU
		{F60B8AA4-647F-49AC-8A4A-D64F81347C9C}.Debug|Any CPU.Build.0 = Debug|Any CPU
		{F60B8AA4-647F-49AC-8A4A-D64F81347C9C}.Release|Any CPU.ActiveCfg = Release|Any CPU
		{F60B8AA4-647F-49AC-8A4A-D64F81347C9C}.Release|Any CPU.Build.0 = Release|Any CPU
		{B920F2B1-F5AB-431F-8715-22D40058C99E}.Debug|Any CPU.ActiveCfg = Debug|Any CPU
		{B920F2B1-F5AB-431F-8715-22D40058C99E}.Debug|Any CPU.Build.0 = Debug|Any CPU
		{B920F2B1-F5AB-431F-8715-22D40058C99E}.Release|Any CPU.ActiveCfg = Release|Any CPU
		{B920F2B1-F5AB-431F-8715-22D40058C99E}.Release|Any CPU.Build.0 = Release|Any CPU
		{BCD9EB59-FCBA-427B-A743-878979C07657}.Debug|Any CPU.ActiveCfg = Debug|Any CPU
		{BCD9EB59-FCBA-427B-A743-878979C07657}.Debug|Any CPU.Build.0 = Debug|Any CPU
		{BCD9EB59-FCBA-427B-A743-878979C07657}.Release|Any CPU.ActiveCfg = Release|Any CPU
		{BCD9EB59-FCBA-427B-A743-878979C07657}.Release|Any CPU.Build.0 = Release|Any CPU
		{6C89EA64-94F0-4C8B-AF97-705B06EA7CEF}.Debug|Any CPU.ActiveCfg = Debug|Any CPU
		{6C89EA64-94F0-4C8B-AF97-705B06EA7CEF}.Debug|Any CPU.Build.0 = Debug|Any CPU
		{6C89EA64-94F0-4C8B-AF97-705B06EA7CEF}.Release|Any CPU.ActiveCfg = Release|Any CPU
		{6C89EA64-94F0-4C8B-AF97-705B06EA7CEF}.Release|Any CPU.Build.0 = Release|Any CPU
		{8B2307BD-4D08-45A6-BEA1-342646B377FD}.Debug|Any CPU.ActiveCfg = Debug|Any CPU
		{8B2307BD-4D08-45A6-BEA1-342646B377FD}.Debug|Any CPU.Build.0 = Debug|Any CPU
		{8B2307BD-4D08-45A6-BEA1-342646B377FD}.Release|Any CPU.ActiveCfg = Release|Any CPU
		{8B2307BD-4D08-45A6-BEA1-342646B377FD}.Release|Any CPU.Build.0 = Release|Any CPU
		{EDE99194-D616-4FA3-B601-C859246544E0}.Debug|Any CPU.ActiveCfg = Debug|Any CPU
		{EDE99194-D616-4FA3-B601-C859246544E0}.Debug|Any CPU.Build.0 = Debug|Any CPU
		{EDE99194-D616-4FA3-B601-C859246544E0}.Release|Any CPU.ActiveCfg = Release|Any CPU
		{EDE99194-D616-4FA3-B601-C859246544E0}.Release|Any CPU.Build.0 = Release|Any CPU
		{690B8330-7873-4A41-BE95-F8747485762E}.Debug|Any CPU.ActiveCfg = Debug|Any CPU
		{690B8330-7873-4A41-BE95-F8747485762E}.Debug|Any CPU.Build.0 = Debug|Any CPU
		{690B8330-7873-4A41-BE95-F8747485762E}.Release|Any CPU.ActiveCfg = Release|Any CPU
		{690B8330-7873-4A41-BE95-F8747485762E}.Release|Any CPU.Build.0 = Release|Any CPU
		{7B47B098-E601-4430-9503-98B1B5211457}.Debug|Any CPU.ActiveCfg = Debug|Any CPU
		{7B47B098-E601-4430-9503-98B1B5211457}.Debug|Any CPU.Build.0 = Debug|Any CPU
		{7B47B098-E601-4430-9503-98B1B5211457}.Release|Any CPU.ActiveCfg = Release|Any CPU
		{7B47B098-E601-4430-9503-98B1B5211457}.Release|Any CPU.Build.0 = Release|Any CPU
		{5D23C999-8104-4D31-A054-F1DB402C0182}.Debug|Any CPU.ActiveCfg = Debug|Any CPU
		{5D23C999-8104-4D31-A054-F1DB402C0182}.Debug|Any CPU.Build.0 = Debug|Any CPU
		{5D23C999-8104-4D31-A054-F1DB402C0182}.Release|Any CPU.ActiveCfg = Release|Any CPU
		{5D23C999-8104-4D31-A054-F1DB402C0182}.Release|Any CPU.Build.0 = Release|Any CPU
		{9D6F8AAF-84A7-4374-8FBF-5BDC35B38DFE}.Debug|Any CPU.ActiveCfg = Debug|Any CPU
		{9D6F8AAF-84A7-4374-8FBF-5BDC35B38DFE}.Debug|Any CPU.Build.0 = Debug|Any CPU
		{9D6F8AAF-84A7-4374-8FBF-5BDC35B38DFE}.Release|Any CPU.ActiveCfg = Release|Any CPU
		{9D6F8AAF-84A7-4374-8FBF-5BDC35B38DFE}.Release|Any CPU.Build.0 = Release|Any CPU
		{D9E9F617-A899-481A-9A4D-99CB2E4271F1}.Debug|Any CPU.ActiveCfg = Debug|Any CPU
		{D9E9F617-A899-481A-9A4D-99CB2E4271F1}.Debug|Any CPU.Build.0 = Debug|Any CPU
		{D9E9F617-A899-481A-9A4D-99CB2E4271F1}.Release|Any CPU.ActiveCfg = Release|Any CPU
		{D9E9F617-A899-481A-9A4D-99CB2E4271F1}.Release|Any CPU.Build.0 = Release|Any CPU
		{BD871424-8EC6-4887-ABB2-E9D2B43395D3}.Debug|Any CPU.ActiveCfg = Debug|Any CPU
		{BD871424-8EC6-4887-ABB2-E9D2B43395D3}.Debug|Any CPU.Build.0 = Debug|Any CPU
		{BD871424-8EC6-4887-ABB2-E9D2B43395D3}.Release|Any CPU.ActiveCfg = Release|Any CPU
		{BD871424-8EC6-4887-ABB2-E9D2B43395D3}.Release|Any CPU.Build.0 = Release|Any CPU
		{E8E39323-BF16-4477-88B3-8B9EE74C0834}.Debug|Any CPU.ActiveCfg = Debug|Any CPU
		{E8E39323-BF16-4477-88B3-8B9EE74C0834}.Debug|Any CPU.Build.0 = Debug|Any CPU
		{E8E39323-BF16-4477-88B3-8B9EE74C0834}.Release|Any CPU.ActiveCfg = Release|Any CPU
		{E8E39323-BF16-4477-88B3-8B9EE74C0834}.Release|Any CPU.Build.0 = Release|Any CPU
		{BE42DB3E-272D-42F0-A400-A14535036786}.Debug|Any CPU.ActiveCfg = Debug|Any CPU
		{BE42DB3E-272D-42F0-A400-A14535036786}.Debug|Any CPU.Build.0 = Debug|Any CPU
		{BE42DB3E-272D-42F0-A400-A14535036786}.Release|Any CPU.ActiveCfg = Release|Any CPU
		{BE42DB3E-272D-42F0-A400-A14535036786}.Release|Any CPU.Build.0 = Release|Any CPU
		{321BEDD6-27FB-4401-84BF-99A7F4CC97A8}.Debug|Any CPU.ActiveCfg = Debug|Any CPU
		{321BEDD6-27FB-4401-84BF-99A7F4CC97A8}.Debug|Any CPU.Build.0 = Debug|Any CPU
		{321BEDD6-27FB-4401-84BF-99A7F4CC97A8}.Release|Any CPU.ActiveCfg = Release|Any CPU
		{321BEDD6-27FB-4401-84BF-99A7F4CC97A8}.Release|Any CPU.Build.0 = Release|Any CPU
		{166A1D03-7475-4F15-98EA-5885CCF03B96}.Debug|Any CPU.ActiveCfg = Debug|Any CPU
		{166A1D03-7475-4F15-98EA-5885CCF03B96}.Debug|Any CPU.Build.0 = Debug|Any CPU
		{166A1D03-7475-4F15-98EA-5885CCF03B96}.Release|Any CPU.ActiveCfg = Release|Any CPU
		{166A1D03-7475-4F15-98EA-5885CCF03B96}.Release|Any CPU.Build.0 = Release|Any CPU
		{D17B1EFC-8C3C-4D6C-AD49-8969653ABB11}.Debug|Any CPU.ActiveCfg = Debug|Any CPU
		{D17B1EFC-8C3C-4D6C-AD49-8969653ABB11}.Debug|Any CPU.Build.0 = Debug|Any CPU
		{D17B1EFC-8C3C-4D6C-AD49-8969653ABB11}.Release|Any CPU.ActiveCfg = Release|Any CPU
		{D17B1EFC-8C3C-4D6C-AD49-8969653ABB11}.Release|Any CPU.Build.0 = Release|Any CPU
		{B8D2D3BE-2407-4ABA-BC7E-8FB649107018}.Debug|Any CPU.ActiveCfg = Debug|Any CPU
		{B8D2D3BE-2407-4ABA-BC7E-8FB649107018}.Debug|Any CPU.Build.0 = Debug|Any CPU
		{B8D2D3BE-2407-4ABA-BC7E-8FB649107018}.Release|Any CPU.ActiveCfg = Release|Any CPU
		{B8D2D3BE-2407-4ABA-BC7E-8FB649107018}.Release|Any CPU.Build.0 = Release|Any CPU
		{E580C557-D63B-4DCB-B58B-FE22036C4E02}.Debug|Any CPU.ActiveCfg = Debug|Any CPU
		{E580C557-D63B-4DCB-B58B-FE22036C4E02}.Debug|Any CPU.Build.0 = Debug|Any CPU
		{E580C557-D63B-4DCB-B58B-FE22036C4E02}.Release|Any CPU.ActiveCfg = Release|Any CPU
		{E580C557-D63B-4DCB-B58B-FE22036C4E02}.Release|Any CPU.Build.0 = Release|Any CPU
		{E61B11C8-81C7-49E2-BCFC-5D20E4355C40}.Debug|Any CPU.ActiveCfg = Debug|Any CPU
		{E61B11C8-81C7-49E2-BCFC-5D20E4355C40}.Debug|Any CPU.Build.0 = Debug|Any CPU
		{E61B11C8-81C7-49E2-BCFC-5D20E4355C40}.Release|Any CPU.ActiveCfg = Release|Any CPU
		{E61B11C8-81C7-49E2-BCFC-5D20E4355C40}.Release|Any CPU.Build.0 = Release|Any CPU
	EndGlobalSection
	GlobalSection(SolutionProperties) = preSolution
		HideSolutionNode = FALSE
	EndGlobalSection
	GlobalSection(ExtensibilityGlobals) = postSolution
		SolutionGuid = {8A071562-15C4-44B8-84C3-7B7BA5A6EE1B}
	EndGlobalSection
EndGlobal
